
Microsoft Visual Studio Solution File, Format Version 12.00
# Visual Studio Version 16
VisualStudioVersion = 16.0.30611.23
MinimumVisualStudioVersion = 10.0.40219.1
Project("{FAE04EC0-301F-11D3-BF4B-00C04F79EFBC}") = "Cifrado", "Cifrado\Cifrado.csproj", "{005ECD58-EA69-4C18-9FFA-54EE4EB5096A}"
EndProject
Global
	GlobalSection(SolutionConfigurationPlatforms) = preSolution
		Debug|Any CPU = Debug|Any CPU
		Release|Any CPU = Release|Any CPU
	EndGlobalSection
	GlobalSection(ProjectConfigurationPlatforms) = postSolution
		{005ECD58-EA69-4C18-9FFA-54EE4EB5096A}.Debug|Any CPU.ActiveCfg = Debug|Any CPU
		{005ECD58-EA69-4C18-9FFA-54EE4EB5096A}.Debug|Any CPU.Build.0 = Debug|Any CPU
		{005ECD58-EA69-4C18-9FFA-54EE4EB5096A}.Release|Any CPU.ActiveCfg = Release|Any CPU
		{005ECD58-EA69-4C18-9FFA-54EE4EB5096A}.Release|Any CPU.Build.0 = Release|Any CPU
	EndGlobalSection
	GlobalSection(SolutionProperties) = preSolution
		HideSolutionNode = FALSE
	EndGlobalSection
	GlobalSection(ExtensibilityGlobals) = postSolution
		SolutionGuid = {3043DF2B-28BE-4A35-8607-949CB285ED97}
	EndGlobalSection
EndGlobal
